
Microsoft Visual Studio Solution File, Format Version 12.00
# Visual Studio Version 16
VisualStudioVersion = 16.0.32228.343
MinimumVisualStudioVersion = 10.0.40219.1
Project("{FAE04EC0-301F-11D3-BF4B-00C04F79EFBC}") = "Y2KProject", "Y2KProject\Y2KProject.csproj", "{69F555A8-334B-4B7F-A4E9-2CBE912E3628}"
EndProject
Project("{FAE04EC0-301F-11D3-BF4B-00C04F79EFBC}") = "Y2KTest", "Y2KTest\Y2KTest.csproj", "{261E47A1-06C3-4550-A9CE-E7E1FA07A7B4}"
EndProject
Global
	GlobalSection(SolutionConfigurationPlatforms) = preSolution
		Debug|Any CPU = Debug|Any CPU
		Release|Any CPU = Release|Any CPU
	EndGlobalSection
	GlobalSection(ProjectConfigurationPlatforms) = postSolution
		{69F555A8-334B-4B7F-A4E9-2CBE912E3628}.Debug|Any CPU.ActiveCfg = Debug|Any CPU
		{69F555A8-334B-4B7F-A4E9-2CBE912E3628}.Debug|Any CPU.Build.0 = Debug|Any CPU
		{69F555A8-334B-4B7F-A4E9-2CBE912E3628}.Release|Any CPU.ActiveCfg = Release|Any CPU
		{69F555A8-334B-4B7F-A4E9-2CBE912E3628}.Release|Any CPU.Build.0 = Release|Any CPU
		{261E47A1-06C3-4550-A9CE-E7E1FA07A7B4}.Debug|Any CPU.ActiveCfg = Debug|Any CPU
		{261E47A1-06C3-4550-A9CE-E7E1FA07A7B4}.Debug|Any CPU.Build.0 = Debug|Any CPU
		{261E47A1-06C3-4550-A9CE-E7E1FA07A7B4}.Release|Any CPU.ActiveCfg = Release|Any CPU
		{261E47A1-06C3-4550-A9CE-E7E1FA07A7B4}.Release|Any CPU.Build.0 = Release|Any CPU
	EndGlobalSection
	GlobalSection(SolutionProperties) = preSolution
		HideSolutionNode = FALSE
	EndGlobalSection
	GlobalSection(ExtensibilityGlobals) = postSolution
		SolutionGuid = {7698FBFB-3694-45F9-BFB2-A243047FD18D}
	EndGlobalSection
EndGlobal
